
Microsoft Visual Studio Solution File, Format Version 12.00
# Visual Studio Version 17
VisualStudioVersion = 17.9.34622.214
MinimumVisualStudioVersion = 10.0.40219.1
Project("{9A19103F-16F7-4668-BE54-9A1E7A4F7556}") = "CityWay.WebUI", "CityWay.WebUI\CityWay.WebUI.csproj", "{6769136E-6ADC-4CC1-A797-B14B960A55DD}"
	ProjectSection(ProjectDependencies) = postProject
		{5256334B-54F9-4E26-AA45-4AC51907D2F0} = {5256334B-54F9-4E26-AA45-4AC51907D2F0}
		{F6EE0691-35FD-4E98-A1C4-10C9A71711A9} = {F6EE0691-35FD-4E98-A1C4-10C9A71711A9}
	EndProjectSection
EndProject
Project("{9A19103F-16F7-4668-BE54-9A1E7A4F7556}") = "CityWay.Domain", "CityWay.Domain\CityWay.Domain.csproj", "{C3EEDBB1-5191-494E-893D-443C723834D1}"
EndProject
Project("{FAE04EC0-301F-11D3-BF4B-00C04F79EFBC}") = "CityWay.Infrastructure", "CityWay.Infrastructure\CityWay.Infrastructure.csproj", "{5256334B-54F9-4E26-AA45-4AC51907D2F0}"
EndProject
Project("{FAE04EC0-301F-11D3-BF4B-00C04F79EFBC}") = "CityWay.Application", "CityWay.Application\CityWay.Application.csproj", "{F6EE0691-35FD-4E98-A1C4-10C9A71711A9}"
EndProject
Global
	GlobalSection(SolutionConfigurationPlatforms) = preSolution
		Debug|Any CPU = Debug|Any CPU
		Release|Any CPU = Release|Any CPU
	EndGlobalSection
	GlobalSection(ProjectConfigurationPlatforms) = postSolution
		{6769136E-6ADC-4CC1-A797-B14B960A55DD}.Debug|Any CPU.ActiveCfg = Debug|Any CPU
		{6769136E-6ADC-4CC1-A797-B14B960A55DD}.Debug|Any CPU.Build.0 = Debug|Any CPU
		{6769136E-6ADC-4CC1-A797-B14B960A55DD}.Release|Any CPU.ActiveCfg = Release|Any CPU
		{6769136E-6ADC-4CC1-A797-B14B960A55DD}.Release|Any CPU.Build.0 = Release|Any CPU
		{C3EEDBB1-5191-494E-893D-443C723834D1}.Debug|Any CPU.ActiveCfg = Debug|Any CPU
		{C3EEDBB1-5191-494E-893D-443C723834D1}.Debug|Any CPU.Build.0 = Debug|Any CPU
		{C3EEDBB1-5191-494E-893D-443C723834D1}.Release|Any CPU.ActiveCfg = Release|Any CPU
		{C3EEDBB1-5191-494E-893D-443C723834D1}.Release|Any CPU.Build.0 = Release|Any CPU
		{5256334B-54F9-4E26-AA45-4AC51907D2F0}.Debug|Any CPU.ActiveCfg = Debug|Any CPU
		{5256334B-54F9-4E26-AA45-4AC51907D2F0}.Debug|Any CPU.Build.0 = Debug|Any CPU
		{5256334B-54F9-4E26-AA45-4AC51907D2F0}.Release|Any CPU.ActiveCfg = Release|Any CPU
		{5256334B-54F9-4E26-AA45-4AC51907D2F0}.Release|Any CPU.Build.0 = Release|Any CPU
		{F6EE0691-35FD-4E98-A1C4-10C9A71711A9}.Debug|Any CPU.ActiveCfg = Debug|Any CPU
		{F6EE0691-35FD-4E98-A1C4-10C9A71711A9}.Debug|Any CPU.Build.0 = Debug|Any CPU
		{F6EE0691-35FD-4E98-A1C4-10C9A71711A9}.Release|Any CPU.ActiveCfg = Release|Any CPU
		{F6EE0691-35FD-4E98-A1C4-10C9A71711A9}.Release|Any CPU.Build.0 = Release|Any CPU
	EndGlobalSection
	GlobalSection(SolutionProperties) = preSolution
		HideSolutionNode = FALSE
	EndGlobalSection
	GlobalSection(ExtensibilityGlobals) = postSolution
		SolutionGuid = {B9407C9B-76CC-4E3B-9B01-4BB46A5C7EA6}
	EndGlobalSection
EndGlobal
